// !$*UTF8*$!
{
	archiveVersion = 1;
	classes = {
	};
	objectVersion = 46;
	objects = {

/* Begin PBXBuildFile section */
		AEDF56D91AF1C2B000FAB145 /* AppDelegate.swift in Sources */ = {isa = PBXBuildFile; fileRef = AEDF56D81AF1C2B000FAB145 /* AppDelegate.swift */; };
		AEDF56DB1AF1C2B000FAB145 /* ViewController.swift in Sources */ = {isa = PBXBuildFile; fileRef = AEDF56DA1AF1C2B000FAB145 /* ViewController.swift */; };
		AEDF56DE1AF1C2B000FAB145 /* Main.storyboard in Resources */ = {isa = PBXBuildFile; fileRef = AEDF56DC1AF1C2B000FAB145 /* Main.storyboard */; };
		AEDF56E01AF1C2B000FAB145 /* Images.xcassets in Resources */ = {isa = PBXBuildFile; fileRef = AEDF56DF1AF1C2B000FAB145 /* Images.xcassets */; };
		AEDF56E31AF1C2B000FAB145 /* LaunchScreen.xib in Resources */ = {isa = PBXBuildFile; fileRef = AEDF56E11AF1C2B000FAB145 /* LaunchScreen.xib */; };
		AEDF56EF1AF1C2B000FAB145 /* AutolayoutTests.swift in Sources */ = {isa = PBXBuildFile; fileRef = AEDF56EE1AF1C2B000FAB145 /* AutolayoutTests.swift */; };
		AEDF56F91AF1CEB700FAB145 /* User.swift in Sources */ = {isa = PBXBuildFile; fileRef = AEDF56F81AF1CEB700FAB145 /* User.swift */; };
/* End PBXBuildFile section */

/* Begin PBXContainerItemProxy section */
		AEDF56E91AF1C2B000FAB145 /* PBXContainerItemProxy */ = {
			isa = PBXContainerItemProxy;
			containerPortal = AEDF56CB1AF1C2B000FAB145 /* Project object */;
			proxyType = 1;
			remoteGlobalIDString = AEDF56D21AF1C2B000FAB145;
			remoteInfo = Autolayout;
		};
/* End PBXContainerItemProxy section */

/* Begin PBXFileReference section */
		AEDF56D31AF1C2B000FAB145 /* CS193p_Autolayout.app */ = {isa = PBXFileReference; explicitFileType = wrapper.application; includeInIndex = 0; path = CS193p_Autolayout.app; sourceTree = BUILT_PRODUCTS_DIR; };
		AEDF56D71AF1C2B000FAB145 /* Info.plist */ = {isa = PBXFileReference; lastKnownFileType = text.plist.xml; path = Info.plist; sourceTree = "<group>"; };
		AEDF56D81AF1C2B000FAB145 /* AppDelegate.swift */ = {isa = PBXFileReference; lastKnownFileType = sourcecode.swift; path = AppDelegate.swift; sourceTree = "<group>"; };
		AEDF56DA1AF1C2B000FAB145 /* ViewController.swift */ = {isa = PBXFileReference; lastKnownFileType = sourcecode.swift; path = ViewController.swift; sourceTree = "<group>"; };
		AEDF56DD1AF1C2B000FAB145 /* Base */ = {isa = PBXFileReference; lastKnownFileType = file.storyboard; name = Base; path = Base.lproj/Main.storyboard; sourceTree = "<group>"; };
		AEDF56DF1AF1C2B000FAB145 /* Images.xcassets */ = {isa = PBXFileReference; lastKnownFileType = folder.assetcatalog; path = Images.xcassets; sourceTree = "<group>"; };
		AEDF56E21AF1C2B000FAB145 /* Base */ = {isa = PBXFileReference; lastKnownFileType = file.xib; name = Base; path = Base.lproj/LaunchScreen.xib; sourceTree = "<group>"; };
		AEDF56E81AF1C2B000FAB145 /* CS193p_AutolayoutTests.xctest */ = {isa = PBXFileReference; explicitFileType = wrapper.cfbundle; includeInIndex = 0; path = CS193p_AutolayoutTests.xctest; sourceTree = BUILT_PRODUCTS_DIR; };
		AEDF56ED1AF1C2B000FAB145 /* Info.plist */ = {isa = PBXFileReference; lastKnownFileType = text.plist.xml; path = Info.plist; sourceTree = "<group>"; };
		AEDF56EE1AF1C2B000FAB145 /* AutolayoutTests.swift */ = {isa = PBXFileReference; lastKnownFileType = sourcecode.swift; path = AutolayoutTests.swift; sourceTree = "<group>"; };
		AEDF56F81AF1CEB700FAB145 /* User.swift */ = {isa = PBXFileReference; fileEncoding = 4; lastKnownFileType = sourcecode.swift; path = User.swift; sourceTree = "<group>"; };
/* End PBXFileReference section */

/* Begin PBXFrameworksBuildPhase section */
		AEDF56D01AF1C2B000FAB145 /* Frameworks */ = {
			isa = PBXFrameworksBuildPhase;
			buildActionMask = 2147483647;
			files = (
			);
			runOnlyForDeploymentPostprocessing = 0;
		};
		AEDF56E51AF1C2B000FAB145 /* Frameworks */ = {
			isa = PBXFrameworksBuildPhase;
			buildActionMask = 2147483647;
			files = (
			);
			runOnlyForDeploymentPostprocessing = 0;
		};
/* End PBXFrameworksBuildPhase section */

/* Begin PBXGroup section */
		AEDF56CA1AF1C2B000FAB145 = {
			isa = PBXGroup;
			children = (
				AEDF56D51AF1C2B000FAB145 /* Autolayout */,
				AEDF56EB1AF1C2B000FAB145 /* AutolayoutTests */,
				AEDF56D41AF1C2B000FAB145 /* Products */,
			);
			sourceTree = "<group>";
		};
		AEDF56D41AF1C2B000FAB145 /* Products */ = {
			isa = PBXGroup;
			children = (
				AEDF56D31AF1C2B000FAB145 /* CS193p_Autolayout.app */,
				AEDF56E81AF1C2B000FAB145 /* CS193p_AutolayoutTests.xctest */,
			);
			name = Products;
			sourceTree = "<group>";
		};
		AEDF56D51AF1C2B000FAB145 /* Autolayout */ = {
			isa = PBXGroup;
			children = (
				AEDF56DC1AF1C2B000FAB145 /* Main.storyboard */,
				AEDF56DF1AF1C2B000FAB145 /* Images.xcassets */,
				AEDF56DA1AF1C2B000FAB145 /* ViewController.swift */,
				AEDF56F81AF1CEB700FAB145 /* User.swift */,
				AEDF56D61AF1C2B000FAB145 /* Supporting Files */,
			);
			path = Autolayout;
			sourceTree = "<group>";
		};
		AEDF56D61AF1C2B000FAB145 /* Supporting Files */ = {
			isa = PBXGroup;
			children = (
				AEDF56E11AF1C2B000FAB145 /* LaunchScreen.xib */,
				AEDF56D81AF1C2B000FAB145 /* AppDelegate.swift */,
				AEDF56D71AF1C2B000FAB145 /* Info.plist */,
			);
			name = "Supporting Files";
			sourceTree = "<group>";
		};
		AEDF56EB1AF1C2B000FAB145 /* AutolayoutTests */ = {
			isa = PBXGroup;
			children = (
				AEDF56EE1AF1C2B000FAB145 /* AutolayoutTests.swift */,
				AEDF56EC1AF1C2B000FAB145 /* Supporting Files */,
			);
			path = AutolayoutTests;
			sourceTree = "<group>";
		};
		AEDF56EC1AF1C2B000FAB145 /* Supporting Files */ = {
			isa = PBXGroup;
			children = (
				AEDF56ED1AF1C2B000FAB145 /* Info.plist */,
			);
			name = "Supporting Files";
			sourceTree = "<group>";
		};
/* End PBXGroup section */

/* Begin PBXNativeTarget section */
		AEDF56D21AF1C2B000FAB145 /* CS193p_Autolayout */ = {
			isa = PBXNativeTarget;
			buildConfigurationList = AEDF56F21AF1C2B000FAB145 /* Build configuration list for PBXNativeTarget "CS193p_Autolayout" */;
			buildPhases = (
				AEDF56CF1AF1C2B000FAB145 /* Sources */,
				AEDF56D01AF1C2B000FAB145 /* Frameworks */,
				AEDF56D11AF1C2B000FAB145 /* Resources */,
			);
			buildRules = (
			);
			dependencies = (
			);
			name = CS193p_Autolayout;
			productName = Autolayout;
			productReference = AEDF56D31AF1C2B000FAB145 /* CS193p_Autolayout.app */;
			productType = "com.apple.product-type.application";
		};
		AEDF56E71AF1C2B000FAB145 /* CS193p_AutolayoutTests */ = {
			isa = PBXNativeTarget;
			buildConfigurationList = AEDF56F51AF1C2B000FAB145 /* Build configuration list for PBXNativeTarget "CS193p_AutolayoutTests" */;
			buildPhases = (
				AEDF56E41AF1C2B000FAB145 /* Sources */,
				AEDF56E51AF1C2B000FAB145 /* Frameworks */,
				AEDF56E61AF1C2B000FAB145 /* Resources */,
			);
			buildRules = (
			);
			dependencies = (
				AEDF56EA1AF1C2B000FAB145 /* PBXTargetDependency */,
			);
			name = CS193p_AutolayoutTests;
			productName = AutolayoutTests;
			productReference = AEDF56E81AF1C2B000FAB145 /* CS193p_AutolayoutTests.xctest */;
			productType = "com.apple.product-type.bundle.unit-test";
		};
/* End PBXNativeTarget section */

/* Begin PBXProject section */
		AEDF56CB1AF1C2B000FAB145 /* Project object */ = {
			isa = PBXProject;
			attributes = {
				LastUpgradeCheck = 0630;
				ORGANIZATIONNAME = "Dan Li";
				TargetAttributes = {
					AEDF56D21AF1C2B000FAB145 = {
						CreatedOnToolsVersion = 6.3.1;
					};
					AEDF56E71AF1C2B000FAB145 = {
						CreatedOnToolsVersion = 6.3.1;
						TestTargetID = AEDF56D21AF1C2B000FAB145;
					};
				};
			};
			buildConfigurationList = AEDF56CE1AF1C2B000FAB145 /* Build configuration list for PBXProject "CS193p_Autolayout" */;
			compatibilityVersion = "Xcode 3.2";
			developmentRegion = English;
			hasScannedForEncodings = 0;
			knownRegions = (
				en,
				Base,
			);
			mainGroup = AEDF56CA1AF1C2B000FAB145;
			productRefGroup = AEDF56D41AF1C2B000FAB145 /* Products */;
			projectDirPath = "";
			projectRoot = "";
			targets = (
				AEDF56D21AF1C2B000FAB145 /* CS193p_Autolayout */,
				AEDF56E71AF1C2B000FAB145 /* CS193p_AutolayoutTests */,
			);
		};
/* End PBXProject section */

/* Begin PBXResourcesBuildPhase section */
		AEDF56D11AF1C2B000FAB145 /* Resources */ = {
			isa = PBXResourcesBuildPhase;
			buildActionMask = 2147483647;
			files = (
				AEDF56DE1AF1C2B000FAB145 /* Main.storyboard in Resources */,
				AEDF56E31AF1C2B000FAB145 /* LaunchScreen.xib in Resources */,
				AEDF56E01AF1C2B000FAB145 /* Images.xcassets in Resources */,
			);
			runOnlyForDeploymentPostprocessing = 0;
		};
		AEDF56E61AF1C2B000FAB145 /* Resources */ = {
			isa = PBXResourcesBuildPhase;
			buildActionMask = 2147483647;
			files = (
			);
			runOnlyForDeploymentPostprocessing = 0;
		};
/* End PBXResourcesBuildPhase section */

/* Begin PBXSourcesBuildPhase section */
		AEDF56CF1AF1C2B000FAB145 /* Sources */ = {
			isa = PBXSourcesBuildPhase;
			buildActionMask = 2147483647;
			files = (
				AEDF56DB1AF1C2B000FAB145 /* ViewController.swift in Sources */,
				AEDF56D91AF1C2B000FAB145 /* AppDelegate.swift in Sources */,
				AEDF56F91AF1CEB700FAB145 /* User.swift in Sources */,
			);
			runOnlyForDeploymentPostprocessing = 0;
		};
		AEDF56E41AF1C2B000FAB145 /* Sources */ = {
			isa = PBXSourcesBuildPhase;
			buildActionMask = 2147483647;
			files = (
				AEDF56EF1AF1C2B000FAB145 /* AutolayoutTests.swift in Sources */,
			);
			runOnlyForDeploymentPostprocessing = 0;
		};
/* End PBXSourcesBuildPhase section */

/* Begin PBXTargetDependency section */
		AEDF56EA1AF1C2B000FAB145 /* PBXTargetDependency */ = {
			isa = PBXTargetDependency;
			target = AEDF56D21AF1C2B000FAB145 /* CS193p_Autolayout */;
			targetProxy = AEDF56E91AF1C2B000FAB145 /* PBXContainerItemProxy */;
		};
/* End PBXTargetDependency section */

/* Begin PBXVariantGroup section */
		AEDF56DC1AF1C2B000FAB145 /* Main.storyboard */ = {
			isa = PBXVariantGroup;
			children = (
				AEDF56DD1AF1C2B000FAB145 /* Base */,
			);
			name = Main.storyboard;
			sourceTree = "<group>";
		};
		AEDF56E11AF1C2B000FAB145 /* LaunchScreen.xib */ = {
			isa = PBXVariantGroup;
			children = (
				AEDF56E21AF1C2B000FAB145 /* Base */,
			);
			name = LaunchScreen.xib;
			sourceTree = "<group>";
		};
/* End PBXVariantGroup section */

/* Begin XCBuildConfiguration section */
		AEDF56F01AF1C2B000FAB145 /* Debug */ = {
			isa = XCBuildConfiguration;
			buildSettings = {
				ALWAYS_SEARCH_USER_PATHS = NO;
				CLANG_CXX_LANGUAGE_STANDARD = "gnu++0x";
				CLANG_CXX_LIBRARY = "libc++";
				CLANG_ENABLE_MODULES = YES;
				CLANG_ENABLE_OBJC_ARC = YES;
				CLANG_WARN_BOOL_CONVERSION = YES;
				CLANG_WARN_CONSTANT_CONVERSION = YES;
				CLANG_WARN_DIRECT_OBJC_ISA_USAGE = YES_ERROR;
				CLANG_WARN_EMPTY_BODY = YES;
				CLANG_WARN_ENUM_CONVERSION = YES;
				CLANG_WARN_INT_CONVERSION = YES;
				CLANG_WARN_OBJC_ROOT_CLASS = YES_ERROR;
				CLANG_WARN_UNREACHABLE_CODE = YES;
				CLANG_WARN__DUPLICATE_METHOD_MATCH = YES;
				"CODE_SIGN_IDENTITY[sdk=iphoneos*]" = "iPhone Developer";
				COPY_PHASE_STRIP = NO;
				DEBUG_INFORMATION_FORMAT = "dwarf-with-dsym";
				ENABLE_STRICT_OBJC_MSGSEND = YES;
				GCC_C_LANGUAGE_STANDARD = gnu99;
				GCC_DYNAMIC_NO_PIC = NO;
				GCC_NO_COMMON_BLOCKS = YES;
				GCC_OPTIMIZATION_LEVEL = 0;
				GCC_PREPROCESSOR_DEFINITIONS = (
					"DEBUG=1",
					"$(inherited)",
				);
				GCC_SYMBOLS_PRIVATE_EXTERN = NO;
				GCC_WARN_64_TO_32_BIT_CONVERSION = YES;
				GCC_WARN_ABOUT_RETURN_TYPE = YES_ERROR;
				GCC_WARN_UNDECLARED_SELECTOR = YES;
				GCC_WARN_UNINITIALIZED_AUTOS = YES_AGGRESSIVE;
				GCC_WARN_UNUSED_FUNCTION = YES;
				GCC_WARN_UNUSED_VARIABLE = YES;
				IPHONEOS_DEPLOYMENT_TARGET = 8.3;
				MTL_ENABLE_DEBUG_INFO = YES;
				ONLY_ACTIVE_ARCH = YES;
				SDKROOT = iphoneos;
				SWIFT_OPTIMIZATION_LEVEL = "-Onone";
				TARGETED_DEVICE_FAMILY = "1,2";
			};
			name = Debug;
		};
		AEDF56F11AF1C2B000FAB145 /* Release */ = {
			isa = XCBuildConfiguration;
			buildSettings = {
				ALWAYS_SEARCH_USER_PATHS = NO;
				CLANG_CXX_LANGUAGE_STANDARD = "gnu++0x";
				CLANG_CXX_LIBRARY = "libc++";
				CLANG_ENABLE_MODULES = YES;
				CLANG_ENABLE_OBJC_ARC = YES;
				CLANG_WARN_BOOL_CONVERSION = YES;
				CLANG_WARN_CONSTANT_CONVERSION = YES;
				CLANG_WARN_DIRECT_OBJC_ISA_USAGE = YES_ERROR;
				CLANG_WARN_EMPTY_BODY = YES;
				CLANG_WARN_ENUM_CONVERSION = YES;
				CLANG_WARN_INT_CONVERSION = YES;
				CLANG_WARN_OBJC_ROOT_CLASS = YES_ERROR;
				CLANG_WARN_UNREACHABLE_CODE = YES;
				CLANG_WARN__DUPLICATE_METHOD_MATCH = YES;
				"CODE_SIGN_IDENTITY[sdk=iphoneos*]" = "iPhone Developer";
				COPY_PHASE_STRIP = NO;
				DEBUG_INFORMATION_FORMAT = "dwarf-with-dsym";
				ENABLE_NS_ASSERTIONS = NO;
				ENABLE_STRICT_OBJC_MSGSEND = YES;
				GCC_C_LANGUAGE_STANDARD = gnu99;
				GCC_NO_COMMON_BLOCKS = YES;
				GCC_WARN_64_TO_32_BIT_CONVERSION = YES;
				GCC_WARN_ABOUT_RETURN_TYPE = YES_ERROR;
				GCC_WARN_UNDECLARED_SELECTOR = YES;
				GCC_WARN_UNINITIALIZED_AUTOS = YES_AGGRESSIVE;
				GCC_WARN_UNUSED_FUNCTION = YES;
				GCC_WARN_UNUSED_VARIABLE = YES;
				IPHONEOS_DEPLOYMENT_TARGET = 8.3;
				MTL_ENABLE_DEBUG_INFO = NO;
				SDKROOT = iphoneos;
				TARGETED_DEVICE_FAMILY = "1,2";
				VALIDATE_PRODUCT = YES;
			};
			name = Release;
		};
		AEDF56F31AF1C2B000FAB145 /* Debug */ = {
			isa = XCBuildConfiguration;
			buildSettings = {
				ASSETCATALOG_COMPILER_APPICON_NAME = AppIcon;
				INFOPLIST_FILE = Autolayout/Info.plist;
				LD_RUNPATH_SEARCH_PATHS = "$(inherited) @executable_path/Frameworks";
				PRODUCT_NAME = CS193p_Autolayout;
			};
			name = Debug;
		};
		AEDF56F41AF1C2B000FAB145 /* Release */ = {
			isa = XCBuildConfiguration;
			buildSettings = {
				ASSETCATALOG_COMPILER_APPICON_NAME = AppIcon;
				INFOPLIST_FILE = Autolayout/Info.plist;
				LD_RUNPATH_SEARCH_PATHS = "$(inherited) @executable_path/Frameworks";
				PRODUCT_NAME = CS193p_Autolayout;
			};
			name = Release;
		};
		AEDF56F61AF1C2B000FAB145 /* Debug */ = {
			isa = XCBuildConfiguration;
			buildSettings = {
				BUNDLE_LOADER = "$(TEST_HOST)";
				FRAMEWORK_SEARCH_PATHS = (
					"$(SDKROOT)/Developer/Library/Frameworks",
					"$(inherited)",
				);
				GCC_PREPROCESSOR_DEFINITIONS = (
					"DEBUG=1",
					"$(inherited)",
				);
				INFOPLIST_FILE = AutolayoutTests/Info.plist;
				LD_RUNPATH_SEARCH_PATHS = "$(inherited) @executable_path/Frameworks @loader_path/Frameworks";
				PRODUCT_NAME = CS193p_AutolayoutTests;
				TEST_HOST = "$(BUILT_PRODUCTS_DIR)/Autolayout.app/Autolayout";
			};
			name = Debug;
		};
		AEDF56F71AF1C2B000FAB145 /* Release */ = {
			isa = XCBuildConfiguration;
			buildSettings = {
				BUNDLE_LOADER = "$(TEST_HOST)";
				FRAMEWORK_SEARCH_PATHS = (
					"$(SDKROOT)/Developer/Library/Frameworks",
					"$(inherited)",
				);
				INFOPLIST_FILE = AutolayoutTests/Info.plist;
				LD_RUNPATH_SEARCH_PATHS = "$(inherited) @executable_path/Frameworks @loader_path/Frameworks";
				PRODUCT_NAME = CS193p_AutolayoutTests;
				TEST_HOST = "$(BUILT_PRODUCTS_DIR)/Autolayout.app/Autolayout";
			};
			name = Release;
		};
/* End XCBuildConfiguration section */

/* Begin XCConfigurationList section */
		AEDF56CE1AF1C2B000FAB145 /* Build configuration list for PBXProject "CS193p_Autolayout" */ = {
			isa = XCConfigurationList;
			buildConfigurations = (
				AEDF56F01AF1C2B000FAB145 /* Debug */,
				AEDF56F11AF1C2B000FAB145 /* Release */,
			);
			defaultConfigurationIsVisible = 0;
			defaultConfigurationName = Release;
		};
		AEDF56F21AF1C2B000FAB145 /* Build configuration list for PBXNativeTarget "CS193p_Autolayout" */ = {
			isa = XCConfigurationList;
			buildConfigurations = (
				AEDF56F31AF1C2B000FAB145 /* Debug */,
				AEDF56F41AF1C2B000FAB145 /* Release */,
			);
			defaultConfigurationIsVisible = 0;
		};
		AEDF56F51AF1C2B000FAB145 /* Build configuration list for PBXNativeTarget "CS193p_AutolayoutTests" */ = {
			isa = XCConfigurationList;
			buildConfigurations = (
				AEDF56F61AF1C2B000FAB145 /* Debug */,
				AEDF56F71AF1C2B000FAB145 /* Release */,
			);
			defaultConfigurationIsVisible = 0;
		};
/* End XCConfigurationList section */
	};
	rootObject = AEDF56CB1AF1C2B000FAB145 /* Project object */;
}
